
Microsoft Visual Studio Solution File, Format Version 12.00
# Visual Studio Version 16
VisualStudioVersion = 16.0.29509.3
MinimumVisualStudioVersion = 10.0.40219.1
Project("{9A19103F-16F7-4668-BE54-9A1E7A4F7556}") = "WebApi", "WebApi\WebApi.csproj", "{AFFD577F-C2DB-4B05-80B5-D1A0818B705C}"
EndProject
Project("{9A19103F-16F7-4668-BE54-9A1E7A4F7556}") = "Tests", "Tests\Tests.csproj", "{192999B2-80B1-4DB9-88F3-7F74A491484C}"
EndProject
Project("{2150E333-8FDC-42A3-9474-1A3956D46DE8}") = "1-API", "1-API", "{83B8D7CC-17EF-4297-9826-54D7749108B6}"
EndProject
Project("{2150E333-8FDC-42A3-9474-1A3956D46DE8}") = "3-PUSH-CAMPAIGN-SERVICE", "3-PUSH-CAMPAIGN-SERVICE", "{D6983B73-6B70-4260-87AC-0D0038396667}"
EndProject
Project("{2150E333-8FDC-42A3-9474-1A3956D46DE8}") = "2-INDEX-CAMPAIGN-SERVICE", "2-INDEX-CAMPAIGN-SERVICE", "{C877782F-8862-4015-B089-CD358B9346B4}"
EndProject
Project("{2150E333-8FDC-42A3-9474-1A3956D46DE8}") = "4-STORE-CAMPAIGN-SERVICE", "4-STORE-CAMPAIGN-SERVICE", "{BE873D18-F815-4446-A5E0-5A93CC3BD973}"
EndProject
Project("{2150E333-8FDC-42A3-9474-1A3956D46DE8}") = "5-STORE-VISIT-SERVICE", "5-STORE-VISIT-SERVICE", "{967989F0-5FB9-4D23-B74B-E9DE936E2BB3}"
EndProject
Project("{2150E333-8FDC-42A3-9474-1A3956D46DE8}") = "0-COMMON", "0-COMMON", "{73801BED-47B3-493D-8CC6-879294FD5B2B}"
EndProject
Project("{9A19103F-16F7-4668-BE54-9A1E7A4F7556}") = "Domain", "Domain\Domain.csproj", "{E6FC66E1-6468-4F9B-AC41-4E3956732846}"
EndProject
Project("{9A19103F-16F7-4668-BE54-9A1E7A4F7556}") = "IndexCampaignWorker", "IndexCampaignWorker\IndexCampaignWorker.csproj", "{04E1ACBB-6238-4314-A202-D40B22F8DFA7}"
EndProject
Project("{9A19103F-16F7-4668-BE54-9A1E7A4F7556}") = "MessageQueue", "MessageQueue\MessageQueue.csproj", "{F9424C15-B63F-4E50-B0AF-88DF23EF3EA7}"
EndProject
Project("{9A19103F-16F7-4668-BE54-9A1E7A4F7556}") = "Caching", "Caching\Caching.csproj", "{F174BA6C-23B2-4EA4-84F3-3DC5ED6AF754}"
EndProject
Project("{FAE04EC0-301F-11D3-BF4B-00C04F79EFBC}") = "PushCampaignWorker", "PushCampaignWorker\PushCampaignWorker.csproj", "{26B26E4E-CC0A-4E0B-BBAF-743416FB3768}"
EndProject
Project("{FAE04EC0-301F-11D3-BF4B-00C04F79EFBC}") = "PushNotificationProvider", "PushNotificationProvider\PushNotificationProvider.csproj", "{317D9C9B-832C-448D-B983-99893C1C0A17}"
EndProject
Global
	GlobalSection(SolutionConfigurationPlatforms) = preSolution
		Debug|Any CPU = Debug|Any CPU
		Release|Any CPU = Release|Any CPU
	EndGlobalSection
	GlobalSection(ProjectConfigurationPlatforms) = postSolution
		{AFFD577F-C2DB-4B05-80B5-D1A0818B705C}.Debug|Any CPU.ActiveCfg = Debug|Any CPU
		{AFFD577F-C2DB-4B05-80B5-D1A0818B705C}.Debug|Any CPU.Build.0 = Debug|Any CPU
		{AFFD577F-C2DB-4B05-80B5-D1A0818B705C}.Release|Any CPU.ActiveCfg = Release|Any CPU
		{AFFD577F-C2DB-4B05-80B5-D1A0818B705C}.Release|Any CPU.Build.0 = Release|Any CPU
		{192999B2-80B1-4DB9-88F3-7F74A491484C}.Debug|Any CPU.ActiveCfg = Debug|Any CPU
		{192999B2-80B1-4DB9-88F3-7F74A491484C}.Debug|Any CPU.Build.0 = Debug|Any CPU
		{192999B2-80B1-4DB9-88F3-7F74A491484C}.Release|Any CPU.ActiveCfg = Release|Any CPU
		{192999B2-80B1-4DB9-88F3-7F74A491484C}.Release|Any CPU.Build.0 = Release|Any CPU
		{E6FC66E1-6468-4F9B-AC41-4E3956732846}.Debug|Any CPU.ActiveCfg = Debug|Any CPU
		{E6FC66E1-6468-4F9B-AC41-4E3956732846}.Debug|Any CPU.Build.0 = Debug|Any CPU
		{E6FC66E1-6468-4F9B-AC41-4E3956732846}.Release|Any CPU.ActiveCfg = Release|Any CPU
		{E6FC66E1-6468-4F9B-AC41-4E3956732846}.Release|Any CPU.Build.0 = Release|Any CPU
		{04E1ACBB-6238-4314-A202-D40B22F8DFA7}.Debug|Any CPU.ActiveCfg = Debug|Any CPU
		{04E1ACBB-6238-4314-A202-D40B22F8DFA7}.Debug|Any CPU.Build.0 = Debug|Any CPU
		{04E1ACBB-6238-4314-A202-D40B22F8DFA7}.Release|Any CPU.ActiveCfg = Release|Any CPU
		{04E1ACBB-6238-4314-A202-D40B22F8DFA7}.Release|Any CPU.Build.0 = Release|Any CPU
		{F9424C15-B63F-4E50-B0AF-88DF23EF3EA7}.Debug|Any CPU.ActiveCfg = Debug|Any CPU
		{F9424C15-B63F-4E50-B0AF-88DF23EF3EA7}.Debug|Any CPU.Build.0 = Debug|Any CPU
		{F9424C15-B63F-4E50-B0AF-88DF23EF3EA7}.Release|Any CPU.ActiveCfg = Release|Any CPU
		{F9424C15-B63F-4E50-B0AF-88DF23EF3EA7}.Release|Any CPU.Build.0 = Release|Any CPU
		{F174BA6C-23B2-4EA4-84F3-3DC5ED6AF754}.Debug|Any CPU.ActiveCfg = Debug|Any CPU
		{F174BA6C-23B2-4EA4-84F3-3DC5ED6AF754}.Debug|Any CPU.Build.0 = Debug|Any CPU
		{F174BA6C-23B2-4EA4-84F3-3DC5ED6AF754}.Release|Any CPU.ActiveCfg = Release|Any CPU
		{F174BA6C-23B2-4EA4-84F3-3DC5ED6AF754}.Release|Any CPU.Build.0 = Release|Any CPU
		{26B26E4E-CC0A-4E0B-BBAF-743416FB3768}.Debug|Any CPU.ActiveCfg = Debug|Any CPU
		{26B26E4E-CC0A-4E0B-BBAF-743416FB3768}.Debug|Any CPU.Build.0 = Debug|Any CPU
		{26B26E4E-CC0A-4E0B-BBAF-743416FB3768}.Release|Any CPU.ActiveCfg = Release|Any CPU
		{26B26E4E-CC0A-4E0B-BBAF-743416FB3768}.Release|Any CPU.Build.0 = Release|Any CPU
		{317D9C9B-832C-448D-B983-99893C1C0A17}.Debug|Any CPU.ActiveCfg = Debug|Any CPU
		{317D9C9B-832C-448D-B983-99893C1C0A17}.Debug|Any CPU.Build.0 = Debug|Any CPU
		{317D9C9B-832C-448D-B983-99893C1C0A17}.Release|Any CPU.ActiveCfg = Release|Any CPU
		{317D9C9B-832C-448D-B983-99893C1C0A17}.Release|Any CPU.Build.0 = Release|Any CPU
	EndGlobalSection
	GlobalSection(SolutionProperties) = preSolution
		HideSolutionNode = FALSE
	EndGlobalSection
	GlobalSection(NestedProjects) = preSolution
		{AFFD577F-C2DB-4B05-80B5-D1A0818B705C} = {83B8D7CC-17EF-4297-9826-54D7749108B6}
		{192999B2-80B1-4DB9-88F3-7F74A491484C} = {83B8D7CC-17EF-4297-9826-54D7749108B6}
		{E6FC66E1-6468-4F9B-AC41-4E3956732846} = {73801BED-47B3-493D-8CC6-879294FD5B2B}
		{04E1ACBB-6238-4314-A202-D40B22F8DFA7} = {C877782F-8862-4015-B089-CD358B9346B4}
		{F9424C15-B63F-4E50-B0AF-88DF23EF3EA7} = {73801BED-47B3-493D-8CC6-879294FD5B2B}
		{F174BA6C-23B2-4EA4-84F3-3DC5ED6AF754} = {73801BED-47B3-493D-8CC6-879294FD5B2B}
		{26B26E4E-CC0A-4E0B-BBAF-743416FB3768} = {D6983B73-6B70-4260-87AC-0D0038396667}
		{317D9C9B-832C-448D-B983-99893C1C0A17} = {73801BED-47B3-493D-8CC6-879294FD5B2B}
	EndGlobalSection
	GlobalSection(ExtensibilityGlobals) = postSolution
		SolutionGuid = {A0C35875-8D9F-4EC8-9FE2-3A93065AD3B0}
	EndGlobalSection
EndGlobal
